
Microsoft Visual Studio Solution File, Format Version 12.00
# Visual Studio 15
VisualStudioVersion = 15.0.28307.852
MinimumVisualStudioVersion = 10.0.40219.1
Project("{9A19103F-16F7-4668-BE54-9A1E7A4F7556}") = "Fasetto.Word.Web.Server", "Fasetto.Word.Web.Server.csproj", "{56705388-44D8-47AC-88D3-CF20024499F2}"
EndProject
Global
	GlobalSection(SolutionConfigurationPlatforms) = preSolution
		Debug|Any CPU = Debug|Any CPU
		Release|Any CPU = Release|Any CPU
	EndGlobalSection
	GlobalSection(ProjectConfigurationPlatforms) = postSolution
		{56705388-44D8-47AC-88D3-CF20024499F2}.Debug|Any CPU.ActiveCfg = Debug|Any CPU
		{56705388-44D8-47AC-88D3-CF20024499F2}.Debug|Any CPU.Build.0 = Debug|Any CPU
		{56705388-44D8-47AC-88D3-CF20024499F2}.Release|Any CPU.ActiveCfg = Release|Any CPU
		{56705388-44D8-47AC-88D3-CF20024499F2}.Release|Any CPU.Build.0 = Release|Any CPU
	EndGlobalSection
	GlobalSection(SolutionProperties) = preSolution
		HideSolutionNode = FALSE
	EndGlobalSection
	GlobalSection(ExtensibilityGlobals) = postSolution
		SolutionGuid = {ACC8FA6B-8247-4F87-9D13-07B4D91F11E5}
	EndGlobalSection
EndGlobal
