
Microsoft Visual Studio Solution File, Format Version 12.00
# Visual Studio 15
VisualStudioVersion = 15.0.28307.852
MinimumVisualStudioVersion = 10.0.40219.1
Project("{9A19103F-16F7-4668-BE54-9A1E7A4F7556}") = "Dna.Framework", "Dna.Framework\Dna.Framework.csproj", "{F686DCC2-6105-4ECD-9736-E5C4E4808A36}"
EndProject
Global
	GlobalSection(SolutionConfigurationPlatforms) = preSolution
		Debug|Any CPU = Debug|Any CPU
		Release|Any CPU = Release|Any CPU
	EndGlobalSection
	GlobalSection(ProjectConfigurationPlatforms) = postSolution
		{F686DCC2-6105-4ECD-9736-E5C4E4808A36}.Debug|Any CPU.ActiveCfg = Debug|Any CPU
		{F686DCC2-6105-4ECD-9736-E5C4E4808A36}.Debug|Any CPU.Build.0 = Debug|Any CPU
		{F686DCC2-6105-4ECD-9736-E5C4E4808A36}.Release|Any CPU.ActiveCfg = Release|Any CPU
		{F686DCC2-6105-4ECD-9736-E5C4E4808A36}.Release|Any CPU.Build.0 = Release|Any CPU
	EndGlobalSection
	GlobalSection(SolutionProperties) = preSolution
		HideSolutionNode = FALSE
	EndGlobalSection
	GlobalSection(ExtensibilityGlobals) = postSolution
		SolutionGuid = {54DCF2AF-6191-44DD-92B4-8E236C8FE777}
	EndGlobalSection
EndGlobal
